# Run ./gradlew writeVersionsLocks to regenerate this file. Blank lines are to minimize merge conflicts.

ch.qos.logback:logback-classic:1.5.21 (1 constraints: 3b053c3b)

ch.qos.logback:logback-core:1.5.21 (1 constraints: 3a0d412a)

com.esotericsoftware:kryo:5.6.2 (1 constraints: 4d096fab)

com.esotericsoftware:minlog:1.3.1 (1 constraints: d20bdbe6)

com.esotericsoftware:reflectasm:1.11.9 (1 constraints: 090ce1f2)

com.fasterxml.jackson:jackson-bom:2.17.2 (3 constraints: 8b374ad6)

com.fasterxml.jackson.core:jackson-annotations:2.17.2 (3 constraints: 6131c483)

com.fasterxml.jackson.core:jackson-core:2.17.2 (3 constraints: 822658c6)

com.fasterxml.jackson.core:jackson-databind:2.17.2 (3 constraints: 5127551a)

com.github.ben-manes.caffeine:caffeine:3.1.8 (1 constraints: 0e050536)

com.google.android:annotations:4.1.1.4 (1 constraints: 6e08d68b)

com.google.api.grpc:proto-google-common-protos:2.59.2 (1 constraints: 100affb3)

com.google.code.findbugs:jsr305:3.0.2 (4 constraints: a52d8acb)

com.google.code.gson:gson:2.11.0 (3 constraints: c62237a9)

com.google.errorprone:error_prone_annotations:2.36.0 (10 constraints: 206d94d4)

com.google.guava:failureaccess:1.0.3 (1 constraints: 160ae3b4)

com.google.guava:guava:33.4.8-jre (9 constraints: eb6ea13d)

com.google.guava:listenablefuture:9999.0-empty-to-avoid-conflict-with-guava (1 constraints: bd17c918)

com.google.j2objc:j2objc-annotations:3.0.0 (1 constraints: 150aeab4)

com.google.protobuf:protobuf-java:4.33.1 (4 constraints: b3336de3)

com.google.protobuf:protobuf-java-util:4.33.1 (1 constraints: 030a22b3)

commons-logging:commons-logging:1.3.4 (1 constraints: 480954ab)

io.github.java-diff-utils:java-diff-utils:4.12 (1 constraints: 800c5502)

io.grpc:grpc-api:1.77.0 (8 constraints: be4c55e0)

io.grpc:grpc-context:1.77.0 (1 constraints: 45088583)

io.grpc:grpc-core:1.77.0 (4 constraints: 8d26ed82)

io.grpc:grpc-netty:1.77.0 (1 constraints: 4105563b)

io.grpc:grpc-netty-shaded:1.77.0 (1 constraints: 4105563b)

io.grpc:grpc-protobuf:1.77.0 (2 constraints: 400f4d91)

io.grpc:grpc-protobuf-lite:1.77.0 (1 constraints: 0d0af9b3)

io.grpc:grpc-services:1.77.0 (1 constraints: 4105563b)

io.grpc:grpc-stub:1.77.0 (2 constraints: 400f4d91)

io.grpc:grpc-util:1.77.0 (3 constraints: 341eadce)

io.netty:netty-buffer:4.1.127.Final (8 constraints: 4d75a413)

io.netty:netty-codec:4.1.127.Final (5 constraints: 41463995)

io.netty:netty-codec-http:4.1.127.Final (2 constraints: 511dc943)

io.netty:netty-codec-http2:4.1.127.Final (1 constraints: 180b83d5)

io.netty:netty-codec-socks:4.1.127.Final (1 constraints: 410fd07a)

io.netty:netty-common:4.1.127.Final (10 constraints: 1f8ff953)

io.netty:netty-handler:4.1.127.Final (2 constraints: ef1b1be7)

io.netty:netty-handler-proxy:4.1.127.Final (1 constraints: 180b83d5)

io.netty:netty-resolver:4.1.127.Final (2 constraints: b21a6b5e)

io.netty:netty-transport:4.1.127.Final (7 constraints: 6d67f56c)

io.netty:netty-transport-native-unix-common:4.1.127.Final (2 constraints: e9179f9b)

io.perfmark:perfmark-api:0.27.0 (3 constraints: 671ce032)

ml.dmlc:xgboost4j_2.13:3.1.1 (1 constraints: 0705fe35)

net.java.dev.jna:jna:5.13.0 (2 constraints: d622b355)

net.logstash.logback:logstash-logback-encoder:8.0 (1 constraints: ac042f2c)

org.checkerframework:checker-qual:3.37.0 (1 constraints: 3310aaaf)

org.codehaus.mojo:animal-sniffer-annotations:1.24 (5 constraints: 2d2b82a8)

org.graalvm.sdk:nativeimage:24.2.0 (1 constraints: 3a05473b)

org.graalvm.sdk:word:24.2.0 (1 constraints: 640c4106)

org.jline:jline:3.22.0 (1 constraints: de0cdf1b)

org.jspecify:jspecify:1.0.0 (1 constraints: 130ae0b4)

org.objenesis:objenesis:3.4 (1 constraints: 760b6fcf)

org.scala-lang:scala-compiler:2.13.11 (1 constraints: a80976be)

org.scala-lang:scala-library:2.13.11 (4 constraints: 2838de57)

org.scala-lang:scala-reflect:2.13.11 (1 constraints: 0f0de828)

org.scala-lang.modules:scala-collection-compat_2.13:2.12.0 (1 constraints: 7509cab4)

org.slf4j:slf4j-api:2.0.17 (5 constraints: 05485f97)



[Test dependencies]

com.github.docker-java:docker-java-api:3.4.0 (1 constraints: 3b0f6067)

com.github.docker-java:docker-java-transport:3.4.0 (1 constraints: c51513cb)

com.github.docker-java:docker-java-transport-zerodep:3.4.0 (1 constraints: 3b0f6067)

junit:junit:4.13.2 (1 constraints: 6e0fd276)

net.bytebuddy:byte-buddy:1.15.11 (1 constraints: 7f0bc9ea)

org.apache.commons:commons-compress:1.24.0 (1 constraints: 6b0fc576)

org.assertj:assertj-core:3.27.3 (1 constraints: 4105513b)

org.graalvm.buildtools:junit-platform-native:0.10.4 (1 constraints: 3705273b)

org.hamcrest:hamcrest-core:1.3 (1 constraints: cc05fe3f)

org.jetbrains:annotations:17.0.0 (1 constraints: 590d4b31)

org.junit:junit-bom:6.0.1 (10 constraints: 63ac582d)

org.junit.jupiter:junit-jupiter:6.0.1 (2 constraints: 160e7258)

org.junit.jupiter:junit-jupiter-api:6.0.1 (4 constraints: 6b38742b)

org.junit.jupiter:junit-jupiter-engine:6.0.1 (2 constraints: 11176a3b)

org.junit.jupiter:junit-jupiter-params:6.0.1 (2 constraints: 11176a3b)

org.junit.platform:junit-platform-commons:6.0.1 (3 constraints: e229b529)

org.junit.platform:junit-platform-console:6.0.1 (2 constraints: 501c23f0)

org.junit.platform:junit-platform-engine:6.0.1 (3 constraints: fa2b8b14)

org.junit.platform:junit-platform-launcher:6.0.1 (4 constraints: 543421bf)

org.junit.platform:junit-platform-reporting:6.0.1 (2 constraints: f51aba48)

org.opentest4j:opentest4j:1.3.0 (2 constraints: cf209249)

org.opentest4j.reporting:open-test-reporting-tooling-spi:0.2.4 (1 constraints: ce12e218)

org.rnorth.duct-tape:duct-tape:1.0.8 (1 constraints: 3d0f5267)

org.testcontainers:junit-jupiter:1.20.4 (1 constraints: 3905313b)

org.testcontainers:testcontainers:1.20.4 (2 constraints: 0714e177)
