# Run ./gradlew writeVersionsLocks to regenerate this file. Blank lines are to minimize merge conflicts.

ch.qos.logback:logback-classic:1.5.21 (1 constraints: 3b053c3b)

ch.qos.logback:logback-core:1.5.21 (1 constraints: 3a0d412a)

com.google.android:annotations:4.1.1.4 (1 constraints: 6e08d68b)

com.google.api.grpc:proto-google-common-protos:2.59.2 (1 constraints: 100affb3)

com.google.code.findbugs:jsr305:3.0.2 (4 constraints: a52d8acb)

com.google.code.gson:gson:2.11.0 (3 constraints: c62237a9)

com.google.errorprone:error_prone_annotations:2.36.0 (8 constraints: 2a54f62b)

com.google.guava:failureaccess:1.0.3 (1 constraints: 160ae3b4)

com.google.guava:guava:33.4.8-jre (8 constraints: 0b63cc81)

com.google.guava:listenablefuture:9999.0-empty-to-avoid-conflict-with-guava (1 constraints: bd17c918)

com.google.j2objc:j2objc-annotations:3.0.0 (1 constraints: 150aeab4)

com.google.protobuf:protobuf-java:4.33.1 (4 constraints: b3336de3)

com.google.protobuf:protobuf-java-util:4.33.1 (1 constraints: 030a22b3)

io.grpc:grpc-api:1.77.0 (7 constraints: ef43bbfc)

io.grpc:grpc-context:1.77.0 (1 constraints: 45088583)

io.grpc:grpc-core:1.77.0 (3 constraints: be1d70bf)

io.grpc:grpc-netty-shaded:1.77.0 (1 constraints: 4105563b)

io.grpc:grpc-protobuf:1.77.0 (2 constraints: 400f4d91)

io.grpc:grpc-protobuf-lite:1.77.0 (1 constraints: 0d0af9b3)

io.grpc:grpc-services:1.77.0 (1 constraints: 4105563b)

io.grpc:grpc-stub:1.77.0 (2 constraints: 400f4d91)

io.grpc:grpc-util:1.77.0 (2 constraints: 651514f9)

io.perfmark:perfmark-api:0.27.0 (2 constraints: 9e137c88)

org.codehaus.mojo:animal-sniffer-annotations:1.24 (4 constraints: c4221ea3)

org.jspecify:jspecify:1.0.0 (1 constraints: 130ae0b4)

org.slf4j:slf4j-api:2.0.17 (2 constraints: 7612b036)



[Test dependencies]

org.junit:junit-bom:6.0.1 (7 constraints: 68741978)

org.junit.jupiter:junit-jupiter:6.0.1 (2 constraints: 160e7258)

org.junit.jupiter:junit-jupiter-api:6.0.1 (4 constraints: 6b38742b)

org.junit.jupiter:junit-jupiter-engine:6.0.1 (2 constraints: 11176a3b)

org.junit.jupiter:junit-jupiter-params:6.0.1 (2 constraints: 11176a3b)

org.junit.platform:junit-platform-commons:6.0.1 (3 constraints: e229b529)

org.junit.platform:junit-platform-engine:6.0.1 (3 constraints: fa2b8b14)

org.junit.platform:junit-platform-launcher:6.0.1 (2 constraints: 440ea062)

org.opentest4j:opentest4j:1.3.0 (2 constraints: cf209249)
